// !$*UTF8*$!
{
	archiveVersion = 1;
	classes = {
	};
	objectVersion = 46;
	objects = {

/* Begin PBXBuildFile section */
		60DD54F61F1D03420041C7FF /* AppDelegate.swift in Sources */ = {isa = PBXBuildFile; fileRef = 60DD54F51F1D03420041C7FF /* AppDelegate.swift */; };
		60DD54F81F1D03420041C7FF /* ViewController.swift in Sources */ = {isa = PBXBuildFile; fileRef = 60DD54F71F1D03420041C7FF /* ViewController.swift */; };
		60DD54FB1F1D03420041C7FF /* Main.storyboard in Resources */ = {isa = PBXBuildFile; fileRef = 60DD54F91F1D03420041C7FF /* Main.storyboard */; };
		60DD54FD1F1D03420041C7FF /* Assets.xcassets in Resources */ = {isa = PBXBuildFile; fileRef = 60DD54FC1F1D03420041C7FF /* Assets.xcassets */; };
		60DD55001F1D03420041C7FF /* LaunchScreen.storyboard in Resources */ = {isa = PBXBuildFile; fileRef = 60DD54FE1F1D03420041C7FF /* LaunchScreen.storyboard */; };
		60DD550B1F1D03420041C7FF /* RxSimpleTodoTests.swift in Sources */ = {isa = PBXBuildFile; fileRef = 60DD550A1F1D03420041C7FF /* RxSimpleTodoTests.swift */; };
/* End PBXBuildFile section */

/* Begin PBXContainerItemProxy section */
		60DD55071F1D03420041C7FF /* PBXContainerItemProxy */ = {
			isa = PBXContainerItemProxy;
			containerPortal = 60DD54EA1F1D03420041C7FF /* Project object */;
			proxyType = 1;
			remoteGlobalIDString = 60DD54F11F1D03420041C7FF;
			remoteInfo = RxSimpleTodo;
		};
/* End PBXContainerItemProxy section */

/* Begin PBXFileReference section */
		60DD54F21F1D03420041C7FF /* RxSimpleTodo.app */ = {isa = PBXFileReference; explicitFileType = wrapper.application; includeInIndex = 0; path = RxSimpleTodo.app; sourceTree = BUILT_PRODUCTS_DIR; };
		60DD54F51F1D03420041C7FF /* AppDelegate.swift */ = {isa = PBXFileReference; lastKnownFileType = sourcecode.swift; path = AppDelegate.swift; sourceTree = "<group>"; };
		60DD54F71F1D03420041C7FF /* ViewController.swift */ = {isa = PBXFileReference; lastKnownFileType = sourcecode.swift; path = ViewController.swift; sourceTree = "<group>"; };
		60DD54FA1F1D03420041C7FF /* Base */ = {isa = PBXFileReference; lastKnownFileType = file.storyboard; name = Base; path = Base.lproj/Main.storyboard; sourceTree = "<group>"; };
		60DD54FC1F1D03420041C7FF /* Assets.xcassets */ = {isa = PBXFileReference; lastKnownFileType = folder.assetcatalog; path = Assets.xcassets; sourceTree = "<group>"; };
		60DD54FF1F1D03420041C7FF /* Base */ = {isa = PBXFileReference; lastKnownFileType = file.storyboard; name = Base; path = Base.lproj/LaunchScreen.storyboard; sourceTree = "<group>"; };
		60DD55011F1D03420041C7FF /* Info.plist */ = {isa = PBXFileReference; lastKnownFileType = text.plist.xml; path = Info.plist; sourceTree = "<group>"; };
		60DD55061F1D03420041C7FF /* RxSimpleTodoTests.xctest */ = {isa = PBXFileReference; explicitFileType = wrapper.cfbundle; includeInIndex = 0; path = RxSimpleTodoTests.xctest; sourceTree = BUILT_PRODUCTS_DIR; };
		60DD550A1F1D03420041C7FF /* RxSimpleTodoTests.swift */ = {isa = PBXFileReference; lastKnownFileType = sourcecode.swift; path = RxSimpleTodoTests.swift; sourceTree = "<group>"; };
		60DD550C1F1D03420041C7FF /* Info.plist */ = {isa = PBXFileReference; lastKnownFileType = text.plist.xml; path = Info.plist; sourceTree = "<group>"; };
/* End PBXFileReference section */

/* Begin PBXFrameworksBuildPhase section */
		60DD54EF1F1D03420041C7FF /* Frameworks */ = {
			isa = PBXFrameworksBuildPhase;
			buildActionMask = 2147483647;
			files = (
			);
			runOnlyForDeploymentPostprocessing = 0;
		};
		60DD55031F1D03420041C7FF /* Frameworks */ = {
			isa = PBXFrameworksBuildPhase;
			buildActionMask = 2147483647;
			files = (
			);
			runOnlyForDeploymentPostprocessing = 0;
		};
/* End PBXFrameworksBuildPhase section */

/* Begin PBXGroup section */
		60DD54E91F1D03420041C7FF = {
			isa = PBXGroup;
			children = (
				60DD54F41F1D03420041C7FF /* RxSimpleTodo */,
				60DD55091F1D03420041C7FF /* RxSimpleTodoTests */,
				60DD54F31F1D03420041C7FF /* Products */,
			);
			sourceTree = "<group>";
		};
		60DD54F31F1D03420041C7FF /* Products */ = {
			isa = PBXGroup;
			children = (
				60DD54F21F1D03420041C7FF /* RxSimpleTodo.app */,
				60DD55061F1D03420041C7FF /* RxSimpleTodoTests.xctest */,
			);
			name = Products;
			sourceTree = "<group>";
		};
		60DD54F41F1D03420041C7FF /* RxSimpleTodo */ = {
			isa = PBXGroup;
			children = (
				60DD54F51F1D03420041C7FF /* AppDelegate.swift */,
				60DD54F71F1D03420041C7FF /* ViewController.swift */,
				60DD54F91F1D03420041C7FF /* Main.storyboard */,
				60DD54FC1F1D03420041C7FF /* Assets.xcassets */,
				60DD54FE1F1D03420041C7FF /* LaunchScreen.storyboard */,
				60DD55011F1D03420041C7FF /* Info.plist */,
			);
			path = RxSimpleTodo;
			sourceTree = "<group>";
		};
		60DD55091F1D03420041C7FF /* RxSimpleTodoTests */ = {
			isa = PBXGroup;
			children = (
				60DD550A1F1D03420041C7FF /* RxSimpleTodoTests.swift */,
				60DD550C1F1D03420041C7FF /* Info.plist */,
			);
			path = RxSimpleTodoTests;
			sourceTree = "<group>";
		};
/* End PBXGroup section */

/* Begin PBXNativeTarget section */
		60DD54F11F1D03420041C7FF /* RxSimpleTodo */ = {
			isa = PBXNativeTarget;
			buildConfigurationList = 60DD550F1F1D03420041C7FF /* Build configuration list for PBXNativeTarget "RxSimpleTodo" */;
			buildPhases = (
				60DD54EE1F1D03420041C7FF /* Sources */,
				60DD54EF1F1D03420041C7FF /* Frameworks */,
				60DD54F01F1D03420041C7FF /* Resources */,
				60DD55151F1D05F80041C7FF /* Run SwiftLint */,
			);
			buildRules = (
			);
			dependencies = (
			);
			name = RxSimpleTodo;
			productName = RxSimpleTodo;
			productReference = 60DD54F21F1D03420041C7FF /* RxSimpleTodo.app */;
			productType = "com.apple.product-type.application";
		};
		60DD55051F1D03420041C7FF /* RxSimpleTodoTests */ = {
			isa = PBXNativeTarget;
			buildConfigurationList = 60DD55121F1D03420041C7FF /* Build configuration list for PBXNativeTarget "RxSimpleTodoTests" */;
			buildPhases = (
				60DD55021F1D03420041C7FF /* Sources */,
				60DD55031F1D03420041C7FF /* Frameworks */,
				60DD55041F1D03420041C7FF /* Resources */,
			);
			buildRules = (
			);
			dependencies = (
				60DD55081F1D03420041C7FF /* PBXTargetDependency */,
			);
			name = RxSimpleTodoTests;
			productName = RxSimpleTodoTests;
			productReference = 60DD55061F1D03420041C7FF /* RxSimpleTodoTests.xctest */;
			productType = "com.apple.product-type.bundle.unit-test";
		};
/* End PBXNativeTarget section */

/* Begin PBXProject section */
		60DD54EA1F1D03420041C7FF /* Project object */ = {
			isa = PBXProject;
			attributes = {
				LastSwiftUpdateCheck = 0830;
				LastUpgradeCheck = 0830;
				ORGANIZATIONNAME = "Seunghun Lee";
				TargetAttributes = {
					60DD54F11F1D03420041C7FF = {
						CreatedOnToolsVersion = 8.3.3;
						DevelopmentTeam = 778W4639PQ;
						ProvisioningStyle = Automatic;
					};
					60DD55051F1D03420041C7FF = {
						CreatedOnToolsVersion = 8.3.3;
						DevelopmentTeam = 778W4639PQ;
						ProvisioningStyle = Automatic;
						TestTargetID = 60DD54F11F1D03420041C7FF;
					};
				};
			};
			buildConfigurationList = 60DD54ED1F1D03420041C7FF /* Build configuration list for PBXProject "RxSimpleTodo" */;
			compatibilityVersion = "Xcode 3.2";
			developmentRegion = English;
			hasScannedForEncodings = 0;
			knownRegions = (
				en,
				Base,
			);
			mainGroup = 60DD54E91F1D03420041C7FF;
			productRefGroup = 60DD54F31F1D03420041C7FF /* Products */;
			projectDirPath = "";
			projectRoot = "";
			targets = (
				60DD54F11F1D03420041C7FF /* RxSimpleTodo */,
				60DD55051F1D03420041C7FF /* RxSimpleTodoTests */,
			);
		};
/* End PBXProject section */

/* Begin PBXResourcesBuildPhase section */
		60DD54F01F1D03420041C7FF /* Resources */ = {
			isa = PBXResourcesBuildPhase;
			buildActionMask = 2147483647;
			files = (
				60DD55001F1D03420041C7FF /* LaunchScreen.storyboard in Resources */,
				60DD54FD1F1D03420041C7FF /* Assets.xcassets in Resources */,
				60DD54FB1F1D03420041C7FF /* Main.storyboard in Resources */,
			);
			runOnlyForDeploymentPostprocessing = 0;
		};
		60DD55041F1D03420041C7FF /* Resources */ = {
			isa = PBXResourcesBuildPhase;
			buildActionMask = 2147483647;
			files = (
			);
			runOnlyForDeploymentPostprocessing = 0;
		};
/* End PBXResourcesBuildPhase section */

/* Begin PBXShellScriptBuildPhase section */
		60DD55151F1D05F80041C7FF /* Run SwiftLint */ = {
			isa = PBXShellScriptBuildPhase;
			buildActionMask = 2147483647;
			files = (
			);
			inputPaths = (
			);
			name = "Run SwiftLint";
			outputPaths = (
			);
			runOnlyForDeploymentPostprocessing = 0;
			shellPath = /bin/sh;
			shellScript = "if which swiftlint > /dev/null; then\n    swiftlint\nfi";
		};
/* End PBXShellScriptBuildPhase section */

/* Begin PBXSourcesBuildPhase section */
		60DD54EE1F1D03420041C7FF /* Sources */ = {
			isa = PBXSourcesBuildPhase;
			buildActionMask = 2147483647;
			files = (
				60DD54F81F1D03420041C7FF /* ViewController.swift in Sources */,
				60DD54F61F1D03420041C7FF /* AppDelegate.swift in Sources */,
			);
			runOnlyForDeploymentPostprocessing = 0;
		};
		60DD55021F1D03420041C7FF /* Sources */ = {
			isa = PBXSourcesBuildPhase;
			buildActionMask = 2147483647;
			files = (
				60DD550B1F1D03420041C7FF /* RxSimpleTodoTests.swift in Sources */,
			);
			runOnlyForDeploymentPostprocessing = 0;
		};
/* End PBXSourcesBuildPhase section */

/* Begin PBXTargetDependency section */
		60DD55081F1D03420041C7FF /* PBXTargetDependency */ = {
			isa = PBXTargetDependency;
			target = 60DD54F11F1D03420041C7FF /* RxSimpleTodo */;
			targetProxy = 60DD55071F1D03420041C7FF /* PBXContainerItemProxy */;
		};
/* End PBXTargetDependency section */

/* Begin PBXVariantGroup section */
		60DD54F91F1D03420041C7FF /* Main.storyboard */ = {
			isa = PBXVariantGroup;
			children = (
				60DD54FA1F1D03420041C7FF /* Base */,
			);
			name = Main.storyboard;
			sourceTree = "<group>";
		};
		60DD54FE1F1D03420041C7FF /* LaunchScreen.storyboard */ = {
			isa = PBXVariantGroup;
			children = (
				60DD54FF1F1D03420041C7FF /* Base */,
			);
			name = LaunchScreen.storyboard;
			sourceTree = "<group>";
		};
/* End PBXVariantGroup section */

/* Begin XCBuildConfiguration section */
		60DD550D1F1D03420041C7FF /* Debug */ = {
			isa = XCBuildConfiguration;
			buildSettings = {
				ALWAYS_SEARCH_USER_PATHS = NO;
				CLANG_ANALYZER_NONNULL = YES;
				CLANG_ANALYZER_NUMBER_OBJECT_CONVERSION = YES_AGGRESSIVE;
				CLANG_CXX_LANGUAGE_STANDARD = "gnu++0x";
				CLANG_CXX_LIBRARY = "libc++";
				CLANG_ENABLE_MODULES = YES;
				CLANG_ENABLE_OBJC_ARC = YES;
				CLANG_WARN_BOOL_CONVERSION = YES;
				CLANG_WARN_CONSTANT_CONVERSION = YES;
				CLANG_WARN_DIRECT_OBJC_ISA_USAGE = YES_ERROR;
				CLANG_WARN_DOCUMENTATION_COMMENTS = YES;
				CLANG_WARN_EMPTY_BODY = YES;
				CLANG_WARN_ENUM_CONVERSION = YES;
				CLANG_WARN_INFINITE_RECURSION = YES;
				CLANG_WARN_INT_CONVERSION = YES;
				CLANG_WARN_OBJC_ROOT_CLASS = YES_ERROR;
				CLANG_WARN_SUSPICIOUS_MOVE = YES;
				CLANG_WARN_UNREACHABLE_CODE = YES;
				CLANG_WARN__DUPLICATE_METHOD_MATCH = YES;
				"CODE_SIGN_IDENTITY[sdk=iphoneos*]" = "iPhone Developer";
				COPY_PHASE_STRIP = NO;
				DEBUG_INFORMATION_FORMAT = dwarf;
				ENABLE_STRICT_OBJC_MSGSEND = YES;
				ENABLE_TESTABILITY = YES;
				GCC_C_LANGUAGE_STANDARD = gnu99;
				GCC_DYNAMIC_NO_PIC = NO;
				GCC_NO_COMMON_BLOCKS = YES;
				GCC_OPTIMIZATION_LEVEL = 0;
				GCC_PREPROCESSOR_DEFINITIONS = (
					"DEBUG=1",
					"$(inherited)",
				);
				GCC_WARN_64_TO_32_BIT_CONVERSION = YES;
				GCC_WARN_ABOUT_RETURN_TYPE = YES_ERROR;
				GCC_WARN_UNDECLARED_SELECTOR = YES;
				GCC_WARN_UNINITIALIZED_AUTOS = YES_AGGRESSIVE;
				GCC_WARN_UNUSED_FUNCTION = YES;
				GCC_WARN_UNUSED_VARIABLE = YES;
				IPHONEOS_DEPLOYMENT_TARGET = 10.3;
				MTL_ENABLE_DEBUG_INFO = YES;
				ONLY_ACTIVE_ARCH = YES;
				SDKROOT = iphoneos;
				SWIFT_ACTIVE_COMPILATION_CONDITIONS = DEBUG;
				SWIFT_OPTIMIZATION_LEVEL = "-Onone";
				TARGETED_DEVICE_FAMILY = "1,2";
			};
			name = Debug;
		};
		60DD550E1F1D03420041C7FF /* Release */ = {
			isa = XCBuildConfiguration;
			buildSettings = {
				ALWAYS_SEARCH_USER_PATHS = NO;
				CLANG_ANALYZER_NONNULL = YES;
				CLANG_ANALYZER_NUMBER_OBJECT_CONVERSION = YES_AGGRESSIVE;
				CLANG_CXX_LANGUAGE_STANDARD = "gnu++0x";
				CLANG_CXX_LIBRARY = "libc++";
				CLANG_ENABLE_MODULES = YES;
				CLANG_ENABLE_OBJC_ARC = YES;
				CLANG_WARN_BOOL_CONVERSION = YES;
				CLANG_WARN_CONSTANT_CONVERSION = YES;
				CLANG_WARN_DIRECT_OBJC_ISA_USAGE = YES_ERROR;
				CLANG_WARN_DOCUMENTATION_COMMENTS = YES;
				CLANG_WARN_EMPTY_BODY = YES;
				CLANG_WARN_ENUM_CONVERSION = YES;
				CLANG_WARN_INFINITE_RECURSION = YES;
				CLANG_WARN_INT_CONVERSION = YES;
				CLANG_WARN_OBJC_ROOT_CLASS = YES_ERROR;
				CLANG_WARN_SUSPICIOUS_MOVE = YES;
				CLANG_WARN_UNREACHABLE_CODE = YES;
				CLANG_WARN__DUPLICATE_METHOD_MATCH = YES;
				"CODE_SIGN_IDENTITY[sdk=iphoneos*]" = "iPhone Developer";
				COPY_PHASE_STRIP = NO;
				DEBUG_INFORMATION_FORMAT = "dwarf-with-dsym";
				ENABLE_NS_ASSERTIONS = NO;
				ENABLE_STRICT_OBJC_MSGSEND = YES;
				GCC_C_LANGUAGE_STANDARD = gnu99;
				GCC_NO_COMMON_BLOCKS = YES;
				GCC_WARN_64_TO_32_BIT_CONVERSION = YES;
				GCC_WARN_ABOUT_RETURN_TYPE = YES_ERROR;
				GCC_WARN_UNDECLARED_SELECTOR = YES;
				GCC_WARN_UNINITIALIZED_AUTOS = YES_AGGRESSIVE;
				GCC_WARN_UNUSED_FUNCTION = YES;
				GCC_WARN_UNUSED_VARIABLE = YES;
				IPHONEOS_DEPLOYMENT_TARGET = 10.3;
				MTL_ENABLE_DEBUG_INFO = NO;
				SDKROOT = iphoneos;
				SWIFT_OPTIMIZATION_LEVEL = "-Owholemodule";
				TARGETED_DEVICE_FAMILY = "1,2";
				VALIDATE_PRODUCT = YES;
			};
			name = Release;
		};
		60DD55101F1D03420041C7FF /* Debug */ = {
			isa = XCBuildConfiguration;
			buildSettings = {
				ASSETCATALOG_COMPILER_APPICON_NAME = AppIcon;
				DEVELOPMENT_TEAM = 778W4639PQ;
				INFOPLIST_FILE = RxSimpleTodo/Info.plist;
				LD_RUNPATH_SEARCH_PATHS = "$(inherited) @executable_path/Frameworks";
				PRODUCT_BUNDLE_IDENTIFIER = com.earlbread.RxSimpleTodo;
				PRODUCT_NAME = "$(TARGET_NAME)";
				SWIFT_VERSION = 3.0;
			};
			name = Debug;
		};
		60DD55111F1D03420041C7FF /* Release */ = {
			isa = XCBuildConfiguration;
			buildSettings = {
				ASSETCATALOG_COMPILER_APPICON_NAME = AppIcon;
				DEVELOPMENT_TEAM = 778W4639PQ;
				INFOPLIST_FILE = RxSimpleTodo/Info.plist;
				LD_RUNPATH_SEARCH_PATHS = "$(inherited) @executable_path/Frameworks";
				PRODUCT_BUNDLE_IDENTIFIER = com.earlbread.RxSimpleTodo;
				PRODUCT_NAME = "$(TARGET_NAME)";
				SWIFT_VERSION = 3.0;
			};
			name = Release;
		};
		60DD55131F1D03420041C7FF /* Debug */ = {
			isa = XCBuildConfiguration;
			buildSettings = {
				ALWAYS_EMBED_SWIFT_STANDARD_LIBRARIES = YES;
				BUNDLE_LOADER = "$(TEST_HOST)";
				DEVELOPMENT_TEAM = 778W4639PQ;
				INFOPLIST_FILE = RxSimpleTodoTests/Info.plist;
				LD_RUNPATH_SEARCH_PATHS = "$(inherited) @executable_path/Frameworks @loader_path/Frameworks";
				PRODUCT_BUNDLE_IDENTIFIER = com.earlbread.RxSimpleTodoTests;
				PRODUCT_NAME = "$(TARGET_NAME)";
				SWIFT_VERSION = 3.0;
				TEST_HOST = "$(BUILT_PRODUCTS_DIR)/RxSimpleTodo.app/RxSimpleTodo";
			};
			name = Debug;
		};
		60DD55141F1D03420041C7FF /* Release */ = {
			isa = XCBuildConfiguration;
			buildSettings = {
				ALWAYS_EMBED_SWIFT_STANDARD_LIBRARIES = YES;
				BUNDLE_LOADER = "$(TEST_HOST)";
				DEVELOPMENT_TEAM = 778W4639PQ;
				INFOPLIST_FILE = RxSimpleTodoTests/Info.plist;
				LD_RUNPATH_SEARCH_PATHS = "$(inherited) @executable_path/Frameworks @loader_path/Frameworks";
				PRODUCT_BUNDLE_IDENTIFIER = com.earlbread.RxSimpleTodoTests;
				PRODUCT_NAME = "$(TARGET_NAME)";
				SWIFT_VERSION = 3.0;
				TEST_HOST = "$(BUILT_PRODUCTS_DIR)/RxSimpleTodo.app/RxSimpleTodo";
			};
			name = Release;
		};
/* End XCBuildConfiguration section */

/* Begin XCConfigurationList section */
		60DD54ED1F1D03420041C7FF /* Build configuration list for PBXProject "RxSimpleTodo" */ = {
			isa = XCConfigurationList;
			buildConfigurations = (
				60DD550D1F1D03420041C7FF /* Debug */,
				60DD550E1F1D03420041C7FF /* Release */,
			);
			defaultConfigurationIsVisible = 0;
			defaultConfigurationName = Release;
		};
		60DD550F1F1D03420041C7FF /* Build configuration list for PBXNativeTarget "RxSimpleTodo" */ = {
			isa = XCConfigurationList;
			buildConfigurations = (
				60DD55101F1D03420041C7FF /* Debug */,
				60DD55111F1D03420041C7FF /* Release */,
			);
			defaultConfigurationIsVisible = 0;
		};
		60DD55121F1D03420041C7FF /* Build configuration list for PBXNativeTarget "RxSimpleTodoTests" */ = {
			isa = XCConfigurationList;
			buildConfigurations = (
				60DD55131F1D03420041C7FF /* Debug */,
				60DD55141F1D03420041C7FF /* Release */,
			);
			defaultConfigurationIsVisible = 0;
		};
/* End XCConfigurationList section */
	};
	rootObject = 60DD54EA1F1D03420041C7FF /* Project object */;
}
